
Microsoft Visual Studio Solution File, Format Version 12.00
# Visual Studio Version 16
VisualStudioVersion = 16.0.31410.357
MinimumVisualStudioVersion = 10.0.40219.1
Project("{9A19103F-16F7-4668-BE54-9A1E7A4F7556}") = "Blazor_PdfViewer.Module", "Blazor_PdfViewer.Module\Blazor_PdfViewer.Module.csproj", "{77A3E9E6-4F68-4F2A-BEC5-C99FE5F71A7B}"
EndProject
Project("{9A19103F-16F7-4668-BE54-9A1E7A4F7556}") = "Blazor_PdfViewer.Module.Blazor", "Blazor_PdfViewer.Module.Blazor\Blazor_PdfViewer.Module.Blazor.csproj", "{63980B28-1271-4423-89C8-BA62F136C33E}"
EndProject
Project("{9A19103F-16F7-4668-BE54-9A1E7A4F7556}") = "Blazor_PdfViewer.Blazor.Server", "Blazor_PdfViewer.Blazor.Server\Blazor_PdfViewer.Blazor.Server.csproj", "{7ABB6DD7-A9A9-409C-B3BD-64125A9EAD30}"
EndProject
Global
	GlobalSection(SolutionConfigurationPlatforms) = preSolution
		Debug|Any CPU = Debug|Any CPU
		Release|Any CPU = Release|Any CPU
	EndGlobalSection
	GlobalSection(ProjectConfigurationPlatforms) = postSolution
		{77A3E9E6-4F68-4F2A-BEC5-C99FE5F71A7B}.Debug|Any CPU.ActiveCfg = Debug|Any CPU
		{77A3E9E6-4F68-4F2A-BEC5-C99FE5F71A7B}.Debug|Any CPU.Build.0 = Debug|Any CPU
		{77A3E9E6-4F68-4F2A-BEC5-C99FE5F71A7B}.Release|Any CPU.ActiveCfg = Release|Any CPU
		{77A3E9E6-4F68-4F2A-BEC5-C99FE5F71A7B}.Release|Any CPU.Build.0 = Release|Any CPU
		{63980B28-1271-4423-89C8-BA62F136C33E}.Debug|Any CPU.ActiveCfg = Debug|Any CPU
		{63980B28-1271-4423-89C8-BA62F136C33E}.Debug|Any CPU.Build.0 = Debug|Any CPU
		{63980B28-1271-4423-89C8-BA62F136C33E}.Release|Any CPU.ActiveCfg = Release|Any CPU
		{63980B28-1271-4423-89C8-BA62F136C33E}.Release|Any CPU.Build.0 = Release|Any CPU
		{7ABB6DD7-A9A9-409C-B3BD-64125A9EAD30}.Debug|Any CPU.ActiveCfg = Debug|Any CPU
		{7ABB6DD7-A9A9-409C-B3BD-64125A9EAD30}.Debug|Any CPU.Build.0 = Debug|Any CPU
		{7ABB6DD7-A9A9-409C-B3BD-64125A9EAD30}.Release|Any CPU.ActiveCfg = Release|Any CPU
		{7ABB6DD7-A9A9-409C-B3BD-64125A9EAD30}.Release|Any CPU.Build.0 = Release|Any CPU
	EndGlobalSection
	GlobalSection(SolutionProperties) = preSolution
		HideSolutionNode = FALSE
	EndGlobalSection
	GlobalSection(ExtensibilityGlobals) = postSolution
		SolutionGuid = {9B6B2D2A-D8FE-43FC-A78E-BFB1DD633A83}
	EndGlobalSection
EndGlobal
